<?xml version="1.0" encoding="utf-8"?>
<Project ToolsVersion="4.0" xmlns="http://schemas.microsoft.com/developer/msbuild/2003">
  <ItemGroup>
    <Filter Include="Source Files">
      <UniqueIdentifier>{4FC737F1-C7A5-4376-A066-2A32D752A2FF}</UniqueIdentifier>
      <Extensions>cpp;c;cc;cxx;def;odl;idl;hpj;bat;asm;asmx</Extensions>
    </Filter>
    <Filter Include="Header Files">
      <UniqueIdentifier>{93995380-89BD-4b04-88EB-625FBE52EBFB}</UniqueIdentifier>
      <Extensions>h;hh;hpp;hxx;hm;inl;inc;ipp;xsd</Extensions>
    </Filter>
    <Filter Include="Resource Files">
      <UniqueIdentifier>{67DA6AB6-F800-4c08-8B7A-83BB121AAD01}</UniqueIdentifier>
      <Extensions>rc;ico;cur;bmp;dlg;rc2;rct;bin;rgs;gif;jpg;jpeg;jpe;resx;tiff;tif;png;wav;mfcribbon-ms</Extensions>
    </Filter>
  </ItemGroup>
  <ItemGroup>
    <ClCompile Include="MenuForm.cpp">
      <Filter>Source Files</Filter>
    </ClCompile>
    <ClCompile Include="Admin.cpp">
      <Filter>Source Files</Filter>
    </ClCompile>
    <ClCompile Include="Catedra.cpp">
      <Filter>Source Files</Filter>
    </ClCompile>
    <ClCompile Include="Curs.cpp">
      <Filter>Source Files</Filter>
    </ClCompile>
    <ClCompile Include="DatabaseConnection.cpp">
      <Filter>Source Files</Filter>
    </ClCompile>
    <ClCompile Include="Grupa.cpp">
      <Filter>Source Files</Filter>
    </ClCompile>
    <ClCompile Include="Professor.cpp">
      <Filter>Source Files</Filter>
    </ClCompile>
    <ClCompile Include="Student.cpp">
      <Filter>Source Files</Filter>
    </ClCompile>
    <ClCompile Include="SystemManagement.cpp">
      <Filter>Source Files</Filter>
    </ClCompile>
    <ClCompile Include="User.cpp">
      <Filter>Source Files</Filter>
    </ClCompile>
    <ClCompile Include="LoginForm.cpp">
      <Filter>Source Files</Filter>
    </ClCompile>
    <ClCompile Include="main.cpp">
      <Filter>Source Files</Filter>
    </ClCompile>
    <ClCompile Include="AddDepartForm.cpp">
      <Filter>Header Files</Filter>
    </ClCompile>
    <ClCompile Include="EditDepartForm.cpp">
      <Filter>Header Files</Filter>
    </ClCompile>
    <ClCompile Include="AddProfForm.cpp">
      <Filter>Header Files</Filter>
    </ClCompile>
    <ClCompile Include="AddStudForm.cpp">
      <Filter>Header Files</Filter>
    </ClCompile>
    <ClCompile Include="AddGroupForm.cpp">
      <Filter>Source Files</Filter>
    </ClCompile>
    <ClCompile Include="AddCourseForm.cpp">
      <Filter>Source Files</Filter>
    </ClCompile>
    <ClCompile Include="EditProfForm.cpp">
      <Filter>Source Files</Filter>
    </ClCompile>
    <ClCompile Include="EditStudentForm.cpp">
      <Filter>Source Files</Filter>
    </ClCompile>
    <ClCompile Include="AddSpecialtyForm.cpp">
      <Filter>Source Files</Filter>
    </ClCompile>
    <ClCompile Include="EditSpecialtyForm.cpp">
      <Filter>Source Files</Filter>
    </ClCompile>
    <ClCompile Include="AddGroupToCourse.cpp">
      <Filter>Source Files</Filter>
    </ClCompile>
    <ClCompile Include="EditGroupForm.cpp">
      <Filter>Source Files</Filter>
    </ClCompile>
    <ClCompile Include="EditCourseForm.cpp">
      <Filter>Source Files</Filter>
    </ClCompile>
    <ClCompile Include="EditGroupCourse.cpp">
      <Filter>Source Files</Filter>
    </ClCompile>
    <ClCompile Include="ProfessorForm.cpp">
      <Filter>Source Files</Filter>
    </ClCompile>
    <ClCompile Include="StudentForm.cpp">
      <Filter>Source Files</Filter>
    </ClCompile>
  </ItemGroup>
  <ItemGroup>
    <ClInclude Include="MenuForm.h">
      <Filter>Header Files</Filter>
    </ClInclude>
    <ClInclude Include="Admin.h">
      <Filter>Header Files</Filter>
    </ClInclude>
    <ClInclude Include="Catedra.h">
      <Filter>Header Files</Filter>
    </ClInclude>
    <ClInclude Include="Curs.h">
      <Filter>Header Files</Filter>
    </ClInclude>
    <ClInclude Include="DatabaseConnection.h">
      <Filter>Header Files</Filter>
    </ClInclude>
    <ClInclude Include="Grupa.h">
      <Filter>Header Files</Filter>
    </ClInclude>
    <ClInclude Include="IncludesCentral.h">
      <Filter>Header Files</Filter>
    </ClInclude>
    <ClInclude Include="Professor.h">
      <Filter>Header Files</Filter>
    </ClInclude>
    <ClInclude Include="Student.h">
      <Filter>Header Files</Filter>
    </ClInclude>
    <ClInclude Include="SystemManagement.h">
      <Filter>Header Files</Filter>
    </ClInclude>
    <ClInclude Include="User.h">
      <Filter>Header Files</Filter>
    </ClInclude>
    <ClInclude Include="LoginForm.h">
      <Filter>Header Files</Filter>
    </ClInclude>
    <ClInclude Include="AddDepartForm.h">
      <Filter>Header Files</Filter>
    </ClInclude>
    <ClInclude Include="EditDepartForm.h">
      <Filter>Header Files</Filter>
    </ClInclude>
    <ClInclude Include="AddProfForm.h">
      <Filter>Header Files</Filter>
    </ClInclude>
    <ClInclude Include="AddStudForm.h">
      <Filter>Header Files</Filter>
    </ClInclude>
    <ClInclude Include="AddGroupForm.h">
      <Filter>Header Files</Filter>
    </ClInclude>
    <ClInclude Include="AddCourseForm.h">
      <Filter>Header Files</Filter>
    </ClInclude>
    <ClInclude Include="EditProfForm.h">
      <Filter>Header Files</Filter>
    </ClInclude>
    <ClInclude Include="EditStudentForm.h">
      <Filter>Header Files</Filter>
    </ClInclude>
    <ClInclude Include="AddSpecialtyForm.h">
      <Filter>Header Files</Filter>
    </ClInclude>
    <ClInclude Include="EditSpecialtyForm.h">
      <Filter>Header Files</Filter>
    </ClInclude>
    <ClInclude Include="AddGroupToCourse.h">
      <Filter>Header Files</Filter>
    </ClInclude>
    <ClInclude Include="EditGroupForm.h">
      <Filter>Header Files</Filter>
    </ClInclude>
    <ClInclude Include="EditCourseForm.h">
      <Filter>Header Files</Filter>
    </ClInclude>
    <ClInclude Include="EditGroupCourse.h">
      <Filter>Header Files</Filter>
    </ClInclude>
    <ClInclude Include="ProfessorForm.h">
      <Filter>Header Files</Filter>
    </ClInclude>
    <ClInclude Include="StudentForm.h">
      <Filter>Header Files</Filter>
    </ClInclude>
  </ItemGroup>
  <ItemGroup>
    <EmbeddedResource Include="MenuForm.resx">
      <Filter>Resource Files</Filter>
    </EmbeddedResource>
    <EmbeddedResource Include="LoginForm.resx">
      <Filter>Resource Files</Filter>
    </EmbeddedResource>
    <EmbeddedResource Include="AddDepartForm.resx">
      <Filter>Resource Files</Filter>
    </EmbeddedResource>
    <EmbeddedResource Include="EditDepartForm.resx">
      <Filter>Resource Files</Filter>
    </EmbeddedResource>
    <EmbeddedResource Include="AddProfForm.resx">
      <Filter>Resource Files</Filter>
    </EmbeddedResource>
    <EmbeddedResource Include="EditProfForm.resx">
      <Filter>Resource Files</Filter>
    </EmbeddedResource>
    <EmbeddedResource Include="EditStudentForm.resx">
      <Filter>Resource Files</Filter>
    </EmbeddedResource>
    <EmbeddedResource Include="AddStudForm.resx">
      <Filter>Resource Files</Filter>
    </EmbeddedResource>
    <EmbeddedResource Include="AddSpecialtyForm.resx">
      <Filter>Resource Files</Filter>
    </EmbeddedResource>
    <EmbeddedResource Include="AddGroupForm.resx">
      <Filter>Resource Files</Filter>
    </EmbeddedResource>
    <EmbeddedResource Include="AddCourseForm.resx">
      <Filter>Resource Files</Filter>
    </EmbeddedResource>
    <EmbeddedResource Include="AddGroupToCourse.resx">
      <Filter>Resource Files</Filter>
    </EmbeddedResource>
    <EmbeddedResource Include="EditSpecialtyForm.resx">
      <Filter>Resource Files</Filter>
    </EmbeddedResource>
    <EmbeddedResource Include="EditGroupForm.resx">
      <Filter>Resource Files</Filter>
    </EmbeddedResource>
    <EmbeddedResource Include="EditCourseForm.resx">
      <Filter>Resource Files</Filter>
    </EmbeddedResource>
    <EmbeddedResource Include="EditGroupCourse.resx">
      <Filter>Resource Files</Filter>
    </EmbeddedResource>
    <EmbeddedResource Include="ProfessorForm.resx">
      <Filter>Resource Files</Filter>
    </EmbeddedResource>
    <EmbeddedResource Include="StudentForm.resx">
      <Filter>Resource Files</Filter>
    </EmbeddedResource>
  </ItemGroup>
  <ItemGroup>
    <Image Include="icon2.ico">
      <Filter>Resource Files</Filter>
    </Image>
    <Image Include="ico\add_admin.png">
      <Filter>Resource Files</Filter>
    </Image>
    <Image Include="ico\add_group.png">
      <Filter>Resource Files</Filter>
    </Image>
    <Image Include="ico\add_student.png">
      <Filter>Resource Files</Filter>
    </Image>
    <Image Include="ico\add_teacher.png">
      <Filter>Resource Files</Filter>
    </Image>
    <Image Include="ico\collapse-all-icon.png">
      <Filter>Resource Files</Filter>
    </Image>
    <Image Include="ico\create-user-icon.png">
      <Filter>Resource Files</Filter>
    </Image>
    <Image Include="ico\cross.png">
      <Filter>Resource Files</Filter>
    </Image>
    <Image Include="ico\enrollment-icon.png">
      <Filter>Resource Files</Filter>
    </Image>
    <Image Include="ico\expand-all-icon.png">
      <Filter>Resource Files</Filter>
    </Image>
    <Image Include="ico\group.png">
      <Filter>Resource Files</Filter>
    </Image>
    <Image Include="ico\padlock.png">
      <Filter>Resource Files</Filter>
    </Image>
    <Image Include="ico\read-book-icon.png">
      <Filter>Resource Files</Filter>
    </Image>
    <Image Include="ico\remove.png">
      <Filter>Resource Files</Filter>
    </Image>
    <Image Include="ico\result-a-plus-icon.png">
      <Filter>Resource Files</Filter>
    </Image>
    <Image Include="ico\specialty.png">
      <Filter>Resource Files</Filter>
    </Image>
    <Image Include="ico\student.png">
      <Filter>Resource Files</Filter>
    </Image>
    <Image Include="ico\teacher.png">
      <Filter>Resource Files</Filter>
    </Image>
    <Image Include="ico\user.png">
      <Filter>Resource Files</Filter>
    </Image>
    <Image Include="ico\verify-icon.png">
      <Filter>Resource Files</Filter>
    </Image>
    <Image Include="ico\view.png">
      <Filter>Resource Files</Filter>
    </Image>
    <Image Include="ico\bg.jpg">
      <Filter>Resource Files</Filter>
    </Image>
  </ItemGroup>
</Project>